{
    "name": "@rymote/pulse-client",
    "lockfileVersion": 3,
    "requires": true,
    "packages": {
        "": {
            "name": "@rymote/pulse-client",
            "funding": [
                {
                    "type": "patreon",
                    "url": "https://patreon.com/rymote"
                },
                {
                    "type": "opencollective",
                    "url": "https://opencollective.com/rymote"
                }
            ],
            "license": "MIT",
            "dependencies": {
                "@stablelib/chacha20poly1305": "^2.0.1",
                "msgpackr": "^1.11.2"
            },
            "devDependencies": {
                "@types/node": "^22.14.1",
                "@types/ws": "^8",
                "prettier": "^3.5.3",
                "typescript": "^5.5.3"
            }
        },
        "node_modules/@msgpackr-extract/msgpackr-extract-win32-x64": {
            "version": "3.0.3",
            "resolved": "https://registry.npmjs.org/@msgpackr-extract/msgpackr-extract-win32-x64/-/msgpackr-extract-win32-x64-3.0.3.tgz",
            "integrity": "sha512-x0fWaQtYp4E6sktbsdAqnehxDgEc/VwM7uLsRCYWaiGu0ykYdZPiS8zCWdnjHwyiumousxfBm4SO31eXqwEZhQ==",
            "cpu": [
                "x64"
            ],
            "license": "MIT",
            "optional": true,
            "os": [
                "win32"
            ]
        },
        "node_modules/@stablelib/aead": {
            "version": "2.0.0",
            "resolved": "https://registry.npmjs.org/@stablelib/aead/-/aead-2.0.0.tgz",
            "integrity": "sha512-U/RMANRxbT/ahIpYsPSiFwDFNjADHdnCFfmo09MO1ai2XmerPAOPtMl0qmX7XVvygnACC6ijKDyHBoT2rGyElg==",
            "license": "MIT"
        },
        "node_modules/@stablelib/binary": {
            "version": "2.0.1",
            "resolved": "https://registry.npmjs.org/@stablelib/binary/-/binary-2.0.1.tgz",
            "integrity": "sha512-U9iAO8lXgEDONsA0zPPSgcf3HUBNAqHiJmSHgZz62OvC3Hi2Bhc5kTnQ3S1/L+sthDTHtCMhcEiklmIly6uQ3w==",
            "license": "MIT",
            "dependencies": {
                "@stablelib/int": "^2.0.1"
            }
        },
        "node_modules/@stablelib/chacha": {
            "version": "2.0.1",
            "resolved": "https://registry.npmjs.org/@stablelib/chacha/-/chacha-2.0.1.tgz",
            "integrity": "sha512-lS1FqtNqofxe2vLkRsLli2m3x/XanUyAYRphLhdHumKeIsLbjbCXdCq3Pf/eWiO7G3QlSG5ViqnoVjktzfLWMg==",
            "license": "MIT",
            "dependencies": {
                "@stablelib/binary": "^2.0.1",
                "@stablelib/wipe": "^2.0.1"
            }
        },
        "node_modules/@stablelib/chacha20poly1305": {
            "version": "2.0.1",
            "resolved": "https://registry.npmjs.org/@stablelib/chacha20poly1305/-/chacha20poly1305-2.0.1.tgz",
            "integrity": "sha512-kOoBsXbDPVRlelzXl+5WViycgM19lD7lF3Bc3KWI+DzId0Stc2HlxAfSc+Xpn3RgqSCl1ZNTXr33LegqBhBBaw==",
            "license": "MIT",
            "dependencies": {
                "@stablelib/aead": "^2.0.0",
                "@stablelib/binary": "^2.0.1",
                "@stablelib/chacha": "^2.0.1",
                "@stablelib/constant-time": "^2.0.1",
                "@stablelib/poly1305": "^2.0.1",
                "@stablelib/wipe": "^2.0.1"
            }
        },
        "node_modules/@stablelib/constant-time": {
            "version": "2.0.1",
            "resolved": "https://registry.npmjs.org/@stablelib/constant-time/-/constant-time-2.0.1.tgz",
            "integrity": "sha512-0NWPogffRm+UWBH0+iM5otZmNrVe5OHFIvyoNIVankMAYOQzMwcdVALOVPrB5Ho0dST+Oc3H8/hPh65Z8R/uew==",
            "license": "MIT"
        },
        "node_modules/@stablelib/int": {
            "version": "2.0.1",
            "resolved": "https://registry.npmjs.org/@stablelib/int/-/int-2.0.1.tgz",
            "integrity": "sha512-Ht63fQp3wz/F8U4AlXEPb7hfJOIILs8Lq55jgtD7KueWtyjhVuzcsGLSTAWtZs3XJDZYdF1WcSKn+kBtbzupww==",
            "license": "MIT"
        },
        "node_modules/@stablelib/poly1305": {
            "version": "2.0.1",
            "resolved": "https://registry.npmjs.org/@stablelib/poly1305/-/poly1305-2.0.1.tgz",
            "integrity": "sha512-D8xfZcL/5zeVARJ9I2fZOUCnZvsJx8G4JDQvD+ecsnaCildPtqZDwqqjtOc4cfHAdScrMjOzUVsssjXUTBw3YQ==",
            "license": "MIT",
            "dependencies": {
                "@stablelib/constant-time": "^2.0.1",
                "@stablelib/wipe": "^2.0.1"
            }
        },
        "node_modules/@stablelib/wipe": {
            "version": "2.0.1",
            "resolved": "https://registry.npmjs.org/@stablelib/wipe/-/wipe-2.0.1.tgz",
            "integrity": "sha512-1eU2K9EgOcV4qc9jcP6G72xxZxEm5PfeI5H55l08W95b4oRJaqhmlWRc4xZAm6IVSKhVNxMi66V67hCzzuMTAg==",
            "license": "MIT"
        },
        "node_modules/@types/node": {
            "version": "22.14.1",
            "dev": true,
            "license": "MIT",
            "dependencies": {
                "undici-types": "~6.21.0"
            }
        },
        "node_modules/@types/ws": {
            "version": "8.18.1",
            "resolved": "https://registry.npmjs.org/@types/ws/-/ws-8.18.1.tgz",
            "integrity": "sha512-ThVF6DCVhA8kUGy+aazFQ4kXQ7E1Ty7A3ypFOe0IcJV8O/M511G99AW24irKrW56Wt44yG9+ij8FaqoBGkuBXg==",
            "dev": true,
            "license": "MIT",
            "dependencies": {
                "@types/node": "*"
            }
        },
        "node_modules/detect-libc": {
            "version": "2.0.4",
            "resolved": "https://registry.npmjs.org/detect-libc/-/detect-libc-2.0.4.tgz",
            "integrity": "sha512-3UDv+G9CsCKO1WKMGw9fwq/SWJYbI0c5Y7LU1AXYoDdbhE2AHQ6N6Nb34sG8Fj7T5APy8qXDCKuuIHd1BR0tVA==",
            "license": "Apache-2.0",
            "optional": true,
            "engines": {
                "node": ">=8"
            }
        },
        "node_modules/msgpackr": {
            "version": "1.11.2",
            "license": "MIT",
            "optionalDependencies": {
                "msgpackr-extract": "^3.0.2"
            }
        },
        "node_modules/msgpackr-extract": {
            "version": "3.0.3",
            "resolved": "https://registry.npmjs.org/msgpackr-extract/-/msgpackr-extract-3.0.3.tgz",
            "integrity": "sha512-P0efT1C9jIdVRefqjzOQ9Xml57zpOXnIuS+csaB4MdZbTdmGDLo8XhzBG1N7aO11gKDDkJvBLULeFTo46wwreA==",
            "hasInstallScript": true,
            "license": "MIT",
            "optional": true,
            "dependencies": {
                "node-gyp-build-optional-packages": "5.2.2"
            },
            "bin": {
                "download-msgpackr-prebuilds": "bin/download-prebuilds.js"
            },
            "optionalDependencies": {
                "@msgpackr-extract/msgpackr-extract-darwin-arm64": "3.0.3",
                "@msgpackr-extract/msgpackr-extract-darwin-x64": "3.0.3",
                "@msgpackr-extract/msgpackr-extract-linux-arm": "3.0.3",
                "@msgpackr-extract/msgpackr-extract-linux-arm64": "3.0.3",
                "@msgpackr-extract/msgpackr-extract-linux-x64": "3.0.3",
                "@msgpackr-extract/msgpackr-extract-win32-x64": "3.0.3"
            }
        },
        "node_modules/node-gyp-build-optional-packages": {
            "version": "5.2.2",
            "resolved": "https://registry.npmjs.org/node-gyp-build-optional-packages/-/node-gyp-build-optional-packages-5.2.2.tgz",
            "integrity": "sha512-s+w+rBWnpTMwSFbaE0UXsRlg7hU4FjekKU4eyAih5T8nJuNZT1nNsskXpxmeqSK9UzkBl6UgRlnKc8hz8IEqOw==",
            "license": "MIT",
            "optional": true,
            "dependencies": {
                "detect-libc": "^2.0.1"
            },
            "bin": {
                "node-gyp-build-optional-packages": "bin.js",
                "node-gyp-build-optional-packages-optional": "optional.js",
                "node-gyp-build-optional-packages-test": "build-test.js"
            }
        },
        "node_modules/prettier": {
            "version": "3.5.3",
            "dev": true,
            "license": "MIT",
            "bin": {
                "prettier": "bin/prettier.cjs"
            },
            "engines": {
                "node": ">=14"
            },
            "funding": {
                "url": "https://github.com/prettier/prettier?sponsor=1"
            }
        },
        "node_modules/typescript": {
            "version": "5.8.3",
            "dev": true,
            "license": "Apache-2.0",
            "bin": {
                "tsc": "bin/tsc",
                "tsserver": "bin/tsserver"
            },
            "engines": {
                "node": ">=14.17"
            }
        },
        "node_modules/undici-types": {
            "version": "6.21.0",
            "resolved": "https://registry.npmjs.org/undici-types/-/undici-types-6.21.0.tgz",
            "integrity": "sha512-iwDZqg0QAGrg9Rav5H4n0M64c3mkR59cJ6wQp+7C4nI0gsmExaedaYLNO44eT4AtBBwjbTiGPMlt2Md0T9H9JQ==",
            "dev": true,
            "license": "MIT"
        }
    }
}
